
Microsoft Visual Studio Solution File, Format Version 12.00
# Visual Studio Version 17
VisualStudioVersion = 17.8.34330.188
MinimumVisualStudioVersion = 10.0.40219.1
Project("{9A19103F-16F7-4668-BE54-9A1E7A4F7556}") = "Marcum.CCH.Axcess.API", "Marcum.CCH.Axcess.API\Marcum.CCH.Axcess.API.csproj", "{4A6BB58B-B517-429E-B938-A018F523898D}"
EndProject
Project("{9A19103F-16F7-4668-BE54-9A1E7A4F7556}") = "Marcum.CCH.Axcess.Infrastructure", "Marcum.CCH.Axcess.Infrastructure\Marcum.CCH.Axcess.Infrastructure.csproj", "{DE4637EF-6A48-4932-86EC-E378FC2A3A55}"
EndProject
Project("{FAE04EC0-301F-11D3-BF4B-00C04F79EFBC}") = "Marcum.CCH.Axcess.Domain", "Marcum.CCH.Axcess.Domain\Marcum.CCH.Axcess.Domain.csproj", "{AEF9AC36-3D12-4652-93FA-AF348341A97C}"
EndProject
Global
	GlobalSection(SolutionConfigurationPlatforms) = preSolution
		Debug|Any CPU = Debug|Any CPU
		Release|Any CPU = Release|Any CPU
	EndGlobalSection
	GlobalSection(ProjectConfigurationPlatforms) = postSolution
		{4A6BB58B-B517-429E-B938-A018F523898D}.Debug|Any CPU.ActiveCfg = Debug|Any CPU
		{4A6BB58B-B517-429E-B938-A018F523898D}.Debug|Any CPU.Build.0 = Debug|Any CPU
		{4A6BB58B-B517-429E-B938-A018F523898D}.Release|Any CPU.ActiveCfg = Release|Any CPU
		{4A6BB58B-B517-429E-B938-A018F523898D}.Release|Any CPU.Build.0 = Release|Any CPU
		{DE4637EF-6A48-4932-86EC-E378FC2A3A55}.Debug|Any CPU.ActiveCfg = Debug|Any CPU
		{DE4637EF-6A48-4932-86EC-E378FC2A3A55}.Debug|Any CPU.Build.0 = Debug|Any CPU
		{DE4637EF-6A48-4932-86EC-E378FC2A3A55}.Release|Any CPU.ActiveCfg = Release|Any CPU
		{DE4637EF-6A48-4932-86EC-E378FC2A3A55}.Release|Any CPU.Build.0 = Release|Any CPU
		{AEF9AC36-3D12-4652-93FA-AF348341A97C}.Debug|Any CPU.ActiveCfg = Debug|Any CPU
		{AEF9AC36-3D12-4652-93FA-AF348341A97C}.Debug|Any CPU.Build.0 = Debug|Any CPU
		{AEF9AC36-3D12-4652-93FA-AF348341A97C}.Release|Any CPU.ActiveCfg = Release|Any CPU
		{AEF9AC36-3D12-4652-93FA-AF348341A97C}.Release|Any CPU.Build.0 = Release|Any CPU
	EndGlobalSection
	GlobalSection(SolutionProperties) = preSolution
		HideSolutionNode = FALSE
	EndGlobalSection
	GlobalSection(ExtensibilityGlobals) = postSolution
		SolutionGuid = {32184355-274D-475D-8C60-6AD2D3DC6567}
	EndGlobalSection
EndGlobal
